
Microsoft Visual Studio Solution File, Format Version 12.00
# Visual Studio Version 16
VisualStudioVersion = 16.0.30804.86
MinimumVisualStudioVersion = 10.0.40219.1
Project("{FAE04EC0-301F-11D3-BF4B-00C04F79EFBC}") = "Bonus-Coverage", "Bonus-Coverage\Bonus-Coverage.csproj", "{31140DC9-FB3B-488C-9066-67F289E29ACA}"
EndProject
Global
	GlobalSection(SolutionConfigurationPlatforms) = preSolution
		Debug|Any CPU = Debug|Any CPU
		Release|Any CPU = Release|Any CPU
	EndGlobalSection
	GlobalSection(ProjectConfigurationPlatforms) = postSolution
		{31140DC9-FB3B-488C-9066-67F289E29ACA}.Debug|Any CPU.ActiveCfg = Debug|Any CPU
		{31140DC9-FB3B-488C-9066-67F289E29ACA}.Debug|Any CPU.Build.0 = Debug|Any CPU
		{31140DC9-FB3B-488C-9066-67F289E29ACA}.Release|Any CPU.ActiveCfg = Release|Any CPU
		{31140DC9-FB3B-488C-9066-67F289E29ACA}.Release|Any CPU.Build.0 = Release|Any CPU
	EndGlobalSection
	GlobalSection(SolutionProperties) = preSolution
		HideSolutionNode = FALSE
	EndGlobalSection
	GlobalSection(ExtensibilityGlobals) = postSolution
		SolutionGuid = {9B182837-1B46-425D-81B5-520B8355EA95}
	EndGlobalSection
	GlobalSection(TeamFoundationVersionControl) = preSolution
		SccNumberOfProjects = 2
		SccEnterpriseProvider = {4CA58AB2-18FA-4F8D-95D4-32DDF27D184C}
		SccTeamFoundationServer = https://giviniinternet.visualstudio.com/defaultcollection
		SccLocalPath0 = .
		SccProjectUniqueName1 = Bonus-Coverage\\Bonus-Coverage.csproj
		SccProjectName1 = Bonus-Coverage
		SccLocalPath1 = Bonus-Coverage
	EndGlobalSection
EndGlobal
